<?xml version="1.0" encoding="utf-8"?>
<Project ToolsVersion="4.0" xmlns="http://schemas.microsoft.com/developer/msbuild/2003">
  <ItemGroup>
    <Filter Include="엔진">
      <UniqueIdentifier>{07523348-e4ae-4d95-aca1-9cd70984ad8d}</UniqueIdentifier>
    </Filter>
    <Filter Include="엔진\셰이더">
      <UniqueIdentifier>{b652949f-7956-419b-907f-238575671a69}</UniqueIdentifier>
    </Filter>
    <Filter Include="외부 소스">
      <UniqueIdentifier>{1fd1573d-5dbc-48e4-bbbd-b3f4a3f58a5f}</UniqueIdentifier>
    </Filter>
    <Filter Include="외부 소스\헤더 파일">
      <UniqueIdentifier>{93995380-89BD-4b04-88EB-625FBE52EBFB}</UniqueIdentifier>
      <Extensions>h;hh;hpp;hxx;h++;hm;inl;inc;ipp;xsd</Extensions>
    </Filter>
    <Filter Include="외부 소스\소스 파일">
      <UniqueIdentifier>{4FC737F1-C7A5-4376-A066-2A32D752A2FF}</UniqueIdentifier>
      <Extensions>cpp;c;cc;cxx;c++;cppm;ixx;def;odl;idl;hpj;bat;asm;asmx</Extensions>
    </Filter>
    <Filter Include="응용">
      <UniqueIdentifier>{1701b391-89fd-48bb-9aef-9f6bd1fe8c4e}</UniqueIdentifier>
    </Filter>
    <Filter Include="응용\헤더 파일">
      <UniqueIdentifier>{86c40efc-298d-4348-9ada-b4e22378be97}</UniqueIdentifier>
    </Filter>
    <Filter Include="응용\소스 파일">
      <UniqueIdentifier>{bae46382-e0e5-4b64-bbe9-bc55412f1cf9}</UniqueIdentifier>
    </Filter>
    <Filter Include="엔진\기본">
      <UniqueIdentifier>{b46df743-cbb3-435d-8d90-23ad6759e7a7}</UniqueIdentifier>
    </Filter>
    <Filter Include="엔진\기본\헤더 파일">
      <UniqueIdentifier>{34689717-588a-4636-9d92-e22556ea2c28}</UniqueIdentifier>
    </Filter>
    <Filter Include="엔진\기본\소스 파일">
      <UniqueIdentifier>{2cf44bfb-0886-46c5-b450-daa527a25c12}</UniqueIdentifier>
    </Filter>
    <Filter Include="엔진\물리1%28CYCLONE%29">
      <UniqueIdentifier>{4c0518dd-509c-4b15-b1e1-85a15833e867}</UniqueIdentifier>
    </Filter>
    <Filter Include="엔진\물리1%28CYCLONE%29\헤더 파일">
      <UniqueIdentifier>{74473754-9d08-4a68-9bd1-c3adc5fe84d9}</UniqueIdentifier>
    </Filter>
    <Filter Include="엔진\물리1%28CYCLONE%29\소스 파일">
      <UniqueIdentifier>{006df378-0bb3-4b6d-8faf-b20a7e1d8bad}</UniqueIdentifier>
    </Filter>
    <Filter Include="엔진\물리2%28직접 구현/OAP%29">
      <UniqueIdentifier>{70288f6b-4534-43a6-8676-f82bc24d55b9}</UniqueIdentifier>
    </Filter>
    <Filter Include="엔진\물리2%28직접 구현/OAP%29\헤더 파일">
      <UniqueIdentifier>{bbb8730d-67ed-416f-9250-685c98da3cc2}</UniqueIdentifier>
    </Filter>
    <Filter Include="엔진\물리2%28직접 구현/OAP%29\소스 파일">
      <UniqueIdentifier>{bd6a762c-1172-42e1-b8bb-ac77f92699ab}</UniqueIdentifier>
    </Filter>
    <Filter Include="엔진\물리3%28포팅 예정%29">
      <UniqueIdentifier>{4b8d55c8-a48e-4068-af4d-7d3d3c9e7bea}</UniqueIdentifier>
    </Filter>
  </ItemGroup>
  <ItemGroup>
    <ClCompile Include="externals\gl\glad\glad.c">
      <Filter>외부 소스\소스 파일</Filter>
    </ClCompile>
    <ClCompile Include="main.cpp">
      <Filter>엔진\기본\소스 파일</Filter>
    </ClCompile>
    <ClCompile Include="OA_Anim.cpp">
      <Filter>엔진\기본\소스 파일</Filter>
    </ClCompile>
    <ClCompile Include="OA_Audio.cpp">
      <Filter>엔진\기본\소스 파일</Filter>
    </ClCompile>
    <ClCompile Include="OA_Camera.cpp">
      <Filter>엔진\기본\소스 파일</Filter>
    </ClCompile>
    <ClCompile Include="OA_CQueue.cpp">
      <Filter>엔진\기본\소스 파일</Filter>
    </ClCompile>
    <ClCompile Include="OA_Entity.cpp">
      <Filter>엔진\기본\소스 파일</Filter>
    </ClCompile>
    <ClCompile Include="OA_Hangul.cpp">
      <Filter>엔진\기본\소스 파일</Filter>
    </ClCompile>
    <ClCompile Include="OA_Input.cpp">
      <Filter>엔진\기본\소스 파일</Filter>
    </ClCompile>
    <ClCompile Include="OA_Material.cpp">
      <Filter>엔진\기본\소스 파일</Filter>
    </ClCompile>
    <ClCompile Include="OA_Model.cpp">
      <Filter>엔진\기본\소스 파일</Filter>
    </ClCompile>
    <ClCompile Include="OA_Random.cpp">
      <Filter>엔진\기본\소스 파일</Filter>
    </ClCompile>
    <ClCompile Include="OA_Scene.cpp">
      <Filter>엔진\기본\소스 파일</Filter>
    </ClCompile>
    <ClCompile Include="OA_Shader.cpp">
      <Filter>엔진\기본\소스 파일</Filter>
    </ClCompile>
    <ClCompile Include="OA_Text.cpp">
      <Filter>엔진\기본\소스 파일</Filter>
    </ClCompile>
    <ClCompile Include="OA_Transform.cpp">
      <Filter>엔진\기본\소스 파일</Filter>
    </ClCompile>
    <ClCompile Include="OA_UI.cpp">
      <Filter>엔진\기본\소스 파일</Filter>
    </ClCompile>
    <ClCompile Include="OA_Vertex.cpp">
      <Filter>엔진\기본\소스 파일</Filter>
    </ClCompile>
    <ClCompile Include="OA_Window.cpp">
      <Filter>엔진\기본\소스 파일</Filter>
    </ClCompile>
    <ClCompile Include="OA_ForceGenerator.cpp">
      <Filter>엔진\물리1%28CYCLONE%29\소스 파일</Filter>
    </ClCompile>
    <ClCompile Include="OA_PhysicalSystem.cpp">
      <Filter>엔진\물리1%28CYCLONE%29\소스 파일</Filter>
    </ClCompile>
    <ClCompile Include="OA_PointMass.cpp">
      <Filter>엔진\물리1%28CYCLONE%29\소스 파일</Filter>
    </ClCompile>
    <ClCompile Include="OA_TestEntity.cpp">
      <Filter>응용\소스 파일</Filter>
    </ClCompile>
    <ClCompile Include="OA_TestScene.cpp">
      <Filter>응용\소스 파일</Filter>
    </ClCompile>
    <ClCompile Include="OA_Contact.cpp">
      <Filter>엔진\물리1%28CYCLONE%29\소스 파일</Filter>
    </ClCompile>
    <ClCompile Include="OA_BV.cpp">
      <Filter>엔진\물리1%28CYCLONE%29\소스 파일</Filter>
    </ClCompile>
    <ClCompile Include="OA_FrameBuffer.cpp">
      <Filter>엔진\기본\소스 파일</Filter>
    </ClCompile>
    <ClCompile Include="OA_Rigidbody.cpp">
      <Filter>엔진\물리2%28직접 구현/OAP%29\소스 파일</Filter>
    </ClCompile>
    <ClCompile Include="OA_Collider.cpp">
      <Filter>엔진\물리2%28직접 구현/OAP%29\소스 파일</Filter>
    </ClCompile>
    <ClCompile Include="OA_PhysicalSys.cpp">
      <Filter>엔진\물리2%28직접 구현/OAP%29\소스 파일</Filter>
    </ClCompile>
  </ItemGroup>
  <ItemGroup>
    <ClInclude Include="externals\gl\glad\glad.h">
      <Filter>외부 소스\헤더 파일</Filter>
    </ClInclude>
    <ClInclude Include="externals\gl\glfw\win64\glfw3.h">
      <Filter>외부 소스\헤더 파일</Filter>
    </ClInclude>
    <ClInclude Include="externals\stb_image.h">
      <Filter>외부 소스\헤더 파일</Filter>
    </ClInclude>
    <ClInclude Include="externals\stb_truetype.h">
      <Filter>외부 소스\헤더 파일</Filter>
    </ClInclude>
    <ClInclude Include="OA_Anim.h">
      <Filter>엔진\기본\헤더 파일</Filter>
    </ClInclude>
    <ClInclude Include="OA_Audio.h">
      <Filter>엔진\기본\헤더 파일</Filter>
    </ClInclude>
    <ClInclude Include="OA_Camera.h">
      <Filter>엔진\기본\헤더 파일</Filter>
    </ClInclude>
    <ClInclude Include="OA_CQueue.h">
      <Filter>엔진\기본\헤더 파일</Filter>
    </ClInclude>
    <ClInclude Include="OA_Entity.h">
      <Filter>엔진\기본\헤더 파일</Filter>
    </ClInclude>
    <ClInclude Include="OA_Hangul.h">
      <Filter>엔진\기본\헤더 파일</Filter>
    </ClInclude>
    <ClInclude Include="OA_Input.h">
      <Filter>엔진\기본\헤더 파일</Filter>
    </ClInclude>
    <ClInclude Include="OA_Material.h">
      <Filter>엔진\기본\헤더 파일</Filter>
    </ClInclude>
    <ClInclude Include="OA_Memory.h">
      <Filter>엔진\기본\헤더 파일</Filter>
    </ClInclude>
    <ClInclude Include="OA_Model.h">
      <Filter>엔진\기본\헤더 파일</Filter>
    </ClInclude>
    <ClInclude Include="OA_Random.h">
      <Filter>엔진\기본\헤더 파일</Filter>
    </ClInclude>
    <ClInclude Include="OA_Scene.h">
      <Filter>엔진\기본\헤더 파일</Filter>
    </ClInclude>
    <ClInclude Include="OA_Shader.h">
      <Filter>엔진\기본\헤더 파일</Filter>
    </ClInclude>
    <ClInclude Include="OA_Text.h">
      <Filter>엔진\기본\헤더 파일</Filter>
    </ClInclude>
    <ClInclude Include="OA_Transform.h">
      <Filter>엔진\기본\헤더 파일</Filter>
    </ClInclude>
    <ClInclude Include="OA_UI.h">
      <Filter>엔진\기본\헤더 파일</Filter>
    </ClInclude>
    <ClInclude Include="OA_UniversalFunctor.h">
      <Filter>엔진\기본\헤더 파일</Filter>
    </ClInclude>
    <ClInclude Include="OA_Vertex.h">
      <Filter>엔진\기본\헤더 파일</Filter>
    </ClInclude>
    <ClInclude Include="OA_Window.h">
      <Filter>엔진\기본\헤더 파일</Filter>
    </ClInclude>
    <ClInclude Include="oagle.h">
      <Filter>엔진\기본\헤더 파일</Filter>
    </ClInclude>
    <ClInclude Include="oagle_simd.h">
      <Filter>엔진\기본\헤더 파일</Filter>
    </ClInclude>
    <ClInclude Include="oaglem.h">
      <Filter>엔진\기본\헤더 파일</Filter>
    </ClInclude>
    <ClInclude Include="resources.h">
      <Filter>엔진\기본\헤더 파일</Filter>
    </ClInclude>
    <ClInclude Include="constants.h">
      <Filter>엔진\기본\헤더 파일</Filter>
    </ClInclude>
    <ClInclude Include="OA_TestEntity.h">
      <Filter>응용\헤더 파일</Filter>
    </ClInclude>
    <ClInclude Include="OA_TestScene.h">
      <Filter>응용\헤더 파일</Filter>
    </ClInclude>
    <ClInclude Include="OA_ForceGenerator.h">
      <Filter>엔진\물리1%28CYCLONE%29\헤더 파일</Filter>
    </ClInclude>
    <ClInclude Include="OA_PhysicalSystem.h">
      <Filter>엔진\물리1%28CYCLONE%29\헤더 파일</Filter>
    </ClInclude>
    <ClInclude Include="OA_PointMass.h">
      <Filter>엔진\물리1%28CYCLONE%29\헤더 파일</Filter>
    </ClInclude>
    <ClInclude Include="OA_Contact.h">
      <Filter>엔진\물리1%28CYCLONE%29\헤더 파일</Filter>
    </ClInclude>
    <ClInclude Include="OA_BV.h">
      <Filter>엔진\물리1%28CYCLONE%29\헤더 파일</Filter>
    </ClInclude>
    <ClInclude Include="OA_FrameBuffer.h">
      <Filter>엔진\기본\헤더 파일</Filter>
    </ClInclude>
    <ClInclude Include="OA_Rigidbody.h">
      <Filter>엔진\물리2%28직접 구현/OAP%29\헤더 파일</Filter>
    </ClInclude>
    <ClInclude Include="OA_Collider.h">
      <Filter>엔진\물리2%28직접 구현/OAP%29\헤더 파일</Filter>
    </ClInclude>
    <ClInclude Include="OA_FasterMath.h">
      <Filter>엔진\기본\헤더 파일</Filter>
    </ClInclude>
    <ClInclude Include="OA_PhysicalSys.h">
      <Filter>엔진\물리2%28직접 구현/OAP%29\헤더 파일</Filter>
    </ClInclude>
    <ClInclude Include="OA_PhysicalSurface.h">
      <Filter>엔진\물리2%28직접 구현/OAP%29\헤더 파일</Filter>
    </ClInclude>
  </ItemGroup>
  <ItemGroup>
    <None Include="resources\p3f.txt">
      <Filter>엔진\셰이더</Filter>
    </None>
    <None Include="resources\p3v.txt">
      <Filter>엔진\셰이더</Filter>
    </None>
  </ItemGroup>
  <ItemGroup>
    <Text Include="resources\p2f.txt">
      <Filter>엔진\셰이더</Filter>
    </Text>
    <Text Include="resources\p2v.txt">
      <Filter>엔진\셰이더</Filter>
    </Text>
  </ItemGroup>
</Project>