<?xml version="1.0" encoding="utf-8"?>
<Project ToolsVersion="4.0" xmlns="http://schemas.microsoft.com/developer/msbuild/2003">
  <ItemGroup>
    <Filter Include="소스 파일">
      <UniqueIdentifier>{4FC737F1-C7A5-4376-A066-2A32D752A2FF}</UniqueIdentifier>
      <Extensions>cpp;c;cc;cxx;c++;cppm;ixx;def;odl;idl;hpj;bat;asm;asmx</Extensions>
    </Filter>
    <Filter Include="헤더 파일">
      <UniqueIdentifier>{93995380-89BD-4b04-88EB-625FBE52EBFB}</UniqueIdentifier>
      <Extensions>h;hh;hpp;hxx;h++;hm;inl;inc;ipp;xsd</Extensions>
    </Filter>
    <Filter Include="셰이더">
      <UniqueIdentifier>{5c7ae06a-41ff-472f-9161-dbddc11764ae}</UniqueIdentifier>
    </Filter>
  </ItemGroup>
  <ItemGroup>
    <ClCompile Include="main.cpp">
      <Filter>소스 파일</Filter>
    </ClCompile>
    <ClCompile Include="OA_Shader.cpp">
      <Filter>소스 파일</Filter>
    </ClCompile>
    <ClCompile Include="OA_Vertex.cpp">
      <Filter>소스 파일</Filter>
    </ClCompile>
    <ClCompile Include="OA_Model.cpp">
      <Filter>소스 파일</Filter>
    </ClCompile>
    <ClCompile Include="OA_Material.cpp">
      <Filter>소스 파일</Filter>
    </ClCompile>
    <ClCompile Include="OA_Random.cpp">
      <Filter>소스 파일</Filter>
    </ClCompile>
    <ClCompile Include="OA_Entity.cpp">
      <Filter>소스 파일</Filter>
    </ClCompile>
    <ClCompile Include="OA_Anim.cpp">
      <Filter>소스 파일</Filter>
    </ClCompile>
    <ClCompile Include="OA_Scene.cpp">
      <Filter>소스 파일</Filter>
    </ClCompile>
    <ClCompile Include="OA_TestScene.cpp">
      <Filter>소스 파일</Filter>
    </ClCompile>
    <ClCompile Include="OA_Input.cpp">
      <Filter>소스 파일</Filter>
    </ClCompile>
    <ClCompile Include="OA_Camera.cpp">
      <Filter>소스 파일</Filter>
    </ClCompile>
    <ClCompile Include="externals\gl\glad\glad.c">
      <Filter>소스 파일</Filter>
    </ClCompile>
    <ClCompile Include="OA_Audio.cpp">
      <Filter>소스 파일</Filter>
    </ClCompile>
    <ClCompile Include="OA_CQueue.cpp">
      <Filter>소스 파일</Filter>
    </ClCompile>
    <ClCompile Include="OA_Text.cpp">
      <Filter>소스 파일</Filter>
    </ClCompile>
    <ClCompile Include="OA_TestEntity.cpp">
      <Filter>소스 파일</Filter>
    </ClCompile>
  </ItemGroup>
  <ItemGroup>
    <ClInclude Include="resources.h">
      <Filter>헤더 파일</Filter>
    </ClInclude>
    <ClInclude Include="oagle.h">
      <Filter>헤더 파일</Filter>
    </ClInclude>
    <ClInclude Include="oaglem.h">
      <Filter>헤더 파일</Filter>
    </ClInclude>
    <ClInclude Include="OA_Shader.h">
      <Filter>헤더 파일</Filter>
    </ClInclude>
    <ClInclude Include="constants.h">
      <Filter>헤더 파일</Filter>
    </ClInclude>
    <ClInclude Include="OA_Vertex.h">
      <Filter>헤더 파일</Filter>
    </ClInclude>
    <ClInclude Include="OA_Model.h">
      <Filter>헤더 파일</Filter>
    </ClInclude>
    <ClInclude Include="OA_Material.h">
      <Filter>헤더 파일</Filter>
    </ClInclude>
    <ClInclude Include="OA_Random.h">
      <Filter>헤더 파일</Filter>
    </ClInclude>
    <ClInclude Include="OA_Entity.h">
      <Filter>헤더 파일</Filter>
    </ClInclude>
    <ClInclude Include="OA_Transform.h">
      <Filter>헤더 파일</Filter>
    </ClInclude>
    <ClInclude Include="OA_Anim.h">
      <Filter>헤더 파일</Filter>
    </ClInclude>
    <ClInclude Include="OA_Scene.h">
      <Filter>헤더 파일</Filter>
    </ClInclude>
    <ClInclude Include="OA_TestScene.h">
      <Filter>헤더 파일</Filter>
    </ClInclude>
    <ClInclude Include="OA_Input.h">
      <Filter>헤더 파일</Filter>
    </ClInclude>
    <ClInclude Include="oagle_simd.h">
      <Filter>헤더 파일</Filter>
    </ClInclude>
    <ClInclude Include="OA_Camera.h">
      <Filter>헤더 파일</Filter>
    </ClInclude>
    <ClInclude Include="externals\gl\glad\glad.h">
      <Filter>헤더 파일</Filter>
    </ClInclude>
    <ClInclude Include="externals\gl\glfw\win64\glfw3.h">
      <Filter>헤더 파일</Filter>
    </ClInclude>
    <ClInclude Include="OA_Audio.h">
      <Filter>헤더 파일</Filter>
    </ClInclude>
    <ClInclude Include="OA_CQueue.h">
      <Filter>헤더 파일</Filter>
    </ClInclude>
    <ClInclude Include="externals\stb_image.h">
      <Filter>헤더 파일</Filter>
    </ClInclude>
    <ClInclude Include="externals\stb_truetype.h">
      <Filter>헤더 파일</Filter>
    </ClInclude>
    <ClInclude Include="OA_Text.h">
      <Filter>헤더 파일</Filter>
    </ClInclude>
    <ClInclude Include="OA_TestEntity.h">
      <Filter>헤더 파일</Filter>
    </ClInclude>
  </ItemGroup>
  <ItemGroup>
    <None Include="resources\p3f.txt">
      <Filter>셰이더</Filter>
    </None>
    <None Include="resources\p3v.txt">
      <Filter>셰이더</Filter>
    </None>
  </ItemGroup>
  <ItemGroup>
    <Text Include="resources\p2f.txt">
      <Filter>셰이더</Filter>
    </Text>
    <Text Include="resources\p2v.txt">
      <Filter>셰이더</Filter>
    </Text>
  </ItemGroup>
</Project>